{
  "object": {
    "pins": [
      {
        "package": "secp256k1",
        "repositoryURL": "https://github.com/Boilertalk/secp256k1.swift.git",
        "state": {
          "branch": null,
          "revision": "823281fe9def21b384099b72a9a53ca988317b20",
          "version": "0.1.4"
        }
      },
      {
        "package": "SwiftDocCPlugin",
        "repositoryURL": "https://github.com/apple/swift-docc-plugin",
        "state": {
          "branch": null,
          "revision": "3303b164430d9a7055ba484c8ead67a52f7b74f6",
          "version": "1.0.0"
        }
      },
      {
        "package": "Task_retrying",
        "repositoryURL": "https://github.com/bigearsenal/task-retrying-swift.git",
        "state": {
          "branch": null,
          "revision": "645eaaf207a6f39ab4b469558d916ae23df199b5",
          "version": "1.0.3"
        }
      },
      {
        "package": "TweetNacl",
        "repositoryURL": "https://github.com/bitmark-inc/tweetnacl-swiftwrap.git",
        "state": {
          "branch": null,
          "revision": "d1552db4d907f2c5cb3d1bf1336496b2e16c8ecf",
          "version": "1.0.2"
        }
      }
    ]
  },
  "version": 1
}
