// !$*UTF8*$!
{
	archiveVersion = 1;
	classes = {
	};
	objectVersion = 46;
	objects = {

/* Begin PBXBuildFile section */
		BC23AEC2254928870029FF0B /* SendTransactionTests.swift in Sources */ = {isa = PBXBuildFile; fileRef = BC23AEBE254928870029FF0B /* SendTransactionTests.swift */; };
		BC23AEC3254928870029FF0B /* RestAPIAccountTests.swift in Sources */ = {isa = PBXBuildFile; fileRef = BC23AEBF254928870029FF0B /* RestAPIAccountTests.swift */; };
		BC23AEC4254928870029FF0B /* InMemoryAccountStorage.swift in Sources */ = {isa = PBXBuildFile; fileRef = BC23AEC0254928870029FF0B /* InMemoryAccountStorage.swift */; };
		BC23AEC5254928870029FF0B /* RestAPITests.swift in Sources */ = {isa = PBXBuildFile; fileRef = BC23AEC1254928870029FF0B /* RestAPITests.swift */; };
		BC2EC2DF25552EC1006EEDA5 /* AccountTests.swift in Sources */ = {isa = PBXBuildFile; fileRef = BC2EC2DE25552EC1006EEDA5 /* AccountTests.swift */; };
		E6DDE50635D3D9571A63FE4D /* Pods_SolanaSwift_Tests.framework in Frameworks */ = {isa = PBXBuildFile; fileRef = 4A8C40B5C5D42F5F26B6E4DA /* Pods_SolanaSwift_Tests.framework */; };
/* End PBXBuildFile section */

/* Begin PBXContainerItemProxy section */
		BC23AE5E254925F10029FF0B /* PBXContainerItemProxy */ = {
			isa = PBXContainerItemProxy;
			containerPortal = BC23AE51254925F00029FF0B /* _Pods.xcodeproj */;
			proxyType = 2;
			remoteGlobalIDString = 5D797E9A5C5782CE845840781FA1CC81;
			remoteInfo = Alamofire;
		};
		BC23AE60254925F10029FF0B /* PBXContainerItemProxy */ = {
			isa = PBXContainerItemProxy;
			containerPortal = BC23AE51254925F00029FF0B /* _Pods.xcodeproj */;
			proxyType = 2;
			remoteGlobalIDString = 05F8370DCFAA7EC21DF62907888C5636;
			remoteInfo = Base58Swift;
		};
		BC23AE62254925F10029FF0B /* PBXContainerItemProxy */ = {
			isa = PBXContainerItemProxy;
			containerPortal = BC23AE51254925F00029FF0B /* _Pods.xcodeproj */;
			proxyType = 2;
			remoteGlobalIDString = 91BB24BA472AF523E913108C9AA301F2;
			remoteInfo = BigInt;
		};
		BC23AE64254925F10029FF0B /* PBXContainerItemProxy */ = {
			isa = PBXContainerItemProxy;
			containerPortal = BC23AE51254925F00029FF0B /* _Pods.xcodeproj */;
			proxyType = 2;
			remoteGlobalIDString = F81274EDB681F11E7CB05F7DCA2BB33C;
			remoteInfo = CryptoSwift;
		};
		BC23AE66254925F10029FF0B /* PBXContainerItemProxy */ = {
			isa = PBXContainerItemProxy;
			containerPortal = BC23AE51254925F00029FF0B /* _Pods.xcodeproj */;
			proxyType = 2;
			remoteGlobalIDString = 10E578F345056B8199369BC467F177E0;
			remoteInfo = "Pods-SolanaSwift_Tests";
		};
		BC23AE68254925F10029FF0B /* PBXContainerItemProxy */ = {
			isa = PBXContainerItemProxy;
			containerPortal = BC23AE51254925F00029FF0B /* _Pods.xcodeproj */;
			proxyType = 2;
			remoteGlobalIDString = 82F1475AA0F9C33F7EA4A1459305D2AB;
			remoteInfo = RxAlamofire;
		};
		BC23AE6A254925F10029FF0B /* PBXContainerItemProxy */ = {
			isa = PBXContainerItemProxy;
			containerPortal = BC23AE51254925F00029FF0B /* _Pods.xcodeproj */;
			proxyType = 2;
			remoteGlobalIDString = 25F63A531105CD4E1E4CCF5B918C5494;
			remoteInfo = RxBlocking;
		};
		BC23AE6C254925F10029FF0B /* PBXContainerItemProxy */ = {
			isa = PBXContainerItemProxy;
			containerPortal = BC23AE51254925F00029FF0B /* _Pods.xcodeproj */;
			proxyType = 2;
			remoteGlobalIDString = 809C5FAB588354C9BA37DC3EAB8CB45C;
			remoteInfo = RxSwift;
		};
		BC23AE6E254925F10029FF0B /* PBXContainerItemProxy */ = {
			isa = PBXContainerItemProxy;
			containerPortal = BC23AE51254925F00029FF0B /* _Pods.xcodeproj */;
			proxyType = 2;
			remoteGlobalIDString = 6D83BB4DF9B4A37E70D055B125B61137;
			remoteInfo = SolanaSwift;
		};
		BC23AE70254925F10029FF0B /* PBXContainerItemProxy */ = {
			isa = PBXContainerItemProxy;
			containerPortal = BC23AE51254925F00029FF0B /* _Pods.xcodeproj */;
			proxyType = 2;
			remoteGlobalIDString = 317CDB3617AE7CFBD3C9B5B901F8F543;
			remoteInfo = TweetNacl;
		};
/* End PBXContainerItemProxy section */

/* Begin PBXFileReference section */
		095BE9E09703178937A416E3 /* LICENSE */ = {isa = PBXFileReference; includeInIndex = 1; lastKnownFileType = text; name = LICENSE; path = ../LICENSE; sourceTree = "<group>"; };
		4651EB739F40F3D87A1C6C3A /* README.md */ = {isa = PBXFileReference; includeInIndex = 1; lastKnownFileType = net.daringfireball.markdown; name = README.md; path = ../README.md; sourceTree = "<group>"; };
		4A8C40B5C5D42F5F26B6E4DA /* Pods_SolanaSwift_Tests.framework */ = {isa = PBXFileReference; explicitFileType = wrapper.framework; includeInIndex = 0; path = Pods_SolanaSwift_Tests.framework; sourceTree = BUILT_PRODUCTS_DIR; };
		4EF1D0496DCFE4433D5FDA26 /* Pods-SolanaSwift_Tests.debug.xcconfig */ = {isa = PBXFileReference; includeInIndex = 1; lastKnownFileType = text.xcconfig; name = "Pods-SolanaSwift_Tests.debug.xcconfig"; path = "Target Support Files/Pods-SolanaSwift_Tests/Pods-SolanaSwift_Tests.debug.xcconfig"; sourceTree = "<group>"; };
		607FACE51AFB9204008FA782 /* SolanaSwift_Tests.xctest */ = {isa = PBXFileReference; explicitFileType = wrapper.cfbundle; includeInIndex = 0; path = SolanaSwift_Tests.xctest; sourceTree = BUILT_PRODUCTS_DIR; };
		607FACEA1AFB9204008FA782 /* Info.plist */ = {isa = PBXFileReference; lastKnownFileType = text.plist.xml; path = Info.plist; sourceTree = "<group>"; };
		656EB490BFE125DA165A4E9A /* Pods-SolanaSwift_Tests.release.xcconfig */ = {isa = PBXFileReference; includeInIndex = 1; lastKnownFileType = text.xcconfig; name = "Pods-SolanaSwift_Tests.release.xcconfig"; path = "Target Support Files/Pods-SolanaSwift_Tests/Pods-SolanaSwift_Tests.release.xcconfig"; sourceTree = "<group>"; };
		88E637D24AF2B058D65016C3 /* SolanaSwift.podspec */ = {isa = PBXFileReference; includeInIndex = 1; lastKnownFileType = text; name = SolanaSwift.podspec; path = ../SolanaSwift.podspec; sourceTree = "<group>"; xcLanguageSpecificationIdentifier = xcode.lang.ruby; };
		BC23AE51254925F00029FF0B /* _Pods.xcodeproj */ = {isa = PBXFileReference; lastKnownFileType = "wrapper.pb-project"; name = _Pods.xcodeproj; path = ../_Pods.xcodeproj; sourceTree = "<group>"; };
		BC23AEBE254928870029FF0B /* SendTransactionTests.swift */ = {isa = PBXFileReference; fileEncoding = 4; lastKnownFileType = sourcecode.swift; name = SendTransactionTests.swift; path = Tests/SendTransactionTests.swift; sourceTree = SOURCE_ROOT; };
		BC23AEBF254928870029FF0B /* RestAPIAccountTests.swift */ = {isa = PBXFileReference; fileEncoding = 4; lastKnownFileType = sourcecode.swift; name = RestAPIAccountTests.swift; path = Tests/RestAPIAccountTests.swift; sourceTree = SOURCE_ROOT; };
		BC23AEC0254928870029FF0B /* InMemoryAccountStorage.swift */ = {isa = PBXFileReference; fileEncoding = 4; lastKnownFileType = sourcecode.swift; name = InMemoryAccountStorage.swift; path = Tests/InMemoryAccountStorage.swift; sourceTree = SOURCE_ROOT; };
		BC23AEC1254928870029FF0B /* RestAPITests.swift */ = {isa = PBXFileReference; fileEncoding = 4; lastKnownFileType = sourcecode.swift; name = RestAPITests.swift; path = Tests/RestAPITests.swift; sourceTree = SOURCE_ROOT; };
		BC2EC2DE25552EC1006EEDA5 /* AccountTests.swift */ = {isa = PBXFileReference; lastKnownFileType = sourcecode.swift; path = AccountTests.swift; sourceTree = "<group>"; };
/* End PBXFileReference section */

/* Begin PBXFrameworksBuildPhase section */
		607FACE21AFB9204008FA782 /* Frameworks */ = {
			isa = PBXFrameworksBuildPhase;
			buildActionMask = 2147483647;
			files = (
				E6DDE50635D3D9571A63FE4D /* Pods_SolanaSwift_Tests.framework in Frameworks */,
			);
			runOnlyForDeploymentPostprocessing = 0;
		};
/* End PBXFrameworksBuildPhase section */

/* Begin PBXGroup section */
		08E047D88ADCD5A7ADCA9536 /* Pods */ = {
			isa = PBXGroup;
			children = (
				4EF1D0496DCFE4433D5FDA26 /* Pods-SolanaSwift_Tests.debug.xcconfig */,
				656EB490BFE125DA165A4E9A /* Pods-SolanaSwift_Tests.release.xcconfig */,
			);
			path = Pods;
			sourceTree = "<group>";
		};
		607FACC71AFB9204008FA782 = {
			isa = PBXGroup;
			children = (
				607FACF51AFB993E008FA782 /* Podspec Metadata */,
				607FACE81AFB9204008FA782 /* Tests */,
				607FACD11AFB9204008FA782 /* Products */,
				08E047D88ADCD5A7ADCA9536 /* Pods */,
				A9F124C49584B9F85C2F867D /* Frameworks */,
			);
			sourceTree = "<group>";
		};
		607FACD11AFB9204008FA782 /* Products */ = {
			isa = PBXGroup;
			children = (
				607FACE51AFB9204008FA782 /* SolanaSwift_Tests.xctest */,
			);
			name = Products;
			sourceTree = "<group>";
		};
		607FACE81AFB9204008FA782 /* Tests */ = {
			isa = PBXGroup;
			children = (
				BC2EC2C825552DE9006EEDA5 /* RestAPITests */,
				BC2EC2DE25552EC1006EEDA5 /* AccountTests.swift */,
				BC23AEBE254928870029FF0B /* SendTransactionTests.swift */,
				607FACE91AFB9204008FA782 /* Supporting Files */,
			);
			path = Tests;
			sourceTree = "<group>";
		};
		607FACE91AFB9204008FA782 /* Supporting Files */ = {
			isa = PBXGroup;
			children = (
				607FACEA1AFB9204008FA782 /* Info.plist */,
			);
			name = "Supporting Files";
			sourceTree = "<group>";
		};
		607FACF51AFB993E008FA782 /* Podspec Metadata */ = {
			isa = PBXGroup;
			children = (
				88E637D24AF2B058D65016C3 /* SolanaSwift.podspec */,
				4651EB739F40F3D87A1C6C3A /* README.md */,
				095BE9E09703178937A416E3 /* LICENSE */,
			);
			name = "Podspec Metadata";
			sourceTree = "<group>";
		};
		A9F124C49584B9F85C2F867D /* Frameworks */ = {
			isa = PBXGroup;
			children = (
				4A8C40B5C5D42F5F26B6E4DA /* Pods_SolanaSwift_Tests.framework */,
				BC23AE51254925F00029FF0B /* _Pods.xcodeproj */,
			);
			name = Frameworks;
			sourceTree = "<group>";
		};
		BC23AE52254925F00029FF0B /* Products */ = {
			isa = PBXGroup;
			children = (
				BC23AE5F254925F10029FF0B /* Alamofire.framework */,
				BC23AE61254925F10029FF0B /* Base58Swift.framework */,
				BC23AE63254925F10029FF0B /* BigInt.framework */,
				BC23AE65254925F10029FF0B /* CryptoSwift.framework */,
				BC23AE67254925F10029FF0B /* Pods_SolanaSwift_Tests.framework */,
				BC23AE69254925F10029FF0B /* RxAlamofire.framework */,
				BC23AE6B254925F10029FF0B /* RxBlocking.framework */,
				BC23AE6D254925F10029FF0B /* RxSwift.framework */,
				BC23AE6F254925F10029FF0B /* SolanaSwift.framework */,
				BC23AE71254925F10029FF0B /* TweetNacl.framework */,
			);
			name = Products;
			sourceTree = "<group>";
		};
		BC2EC2C825552DE9006EEDA5 /* RestAPITests */ = {
			isa = PBXGroup;
			children = (
				BC23AEC0254928870029FF0B /* InMemoryAccountStorage.swift */,
				BC23AEC1254928870029FF0B /* RestAPITests.swift */,
				BC23AEBF254928870029FF0B /* RestAPIAccountTests.swift */,
			);
			name = RestAPITests;
			sourceTree = "<group>";
		};
/* End PBXGroup section */

/* Begin PBXNativeTarget section */
		607FACE41AFB9204008FA782 /* SolanaSwift_Tests */ = {
			isa = PBXNativeTarget;
			buildConfigurationList = 607FACF21AFB9204008FA782 /* Build configuration list for PBXNativeTarget "SolanaSwift_Tests" */;
			buildPhases = (
				28C6047587E8E5FB0207100A /* [CP] Check Pods Manifest.lock */,
				607FACE11AFB9204008FA782 /* Sources */,
				607FACE21AFB9204008FA782 /* Frameworks */,
				607FACE31AFB9204008FA782 /* Resources */,
				9265B9C7B94F8ABEF280B1B6 /* [CP] Embed Pods Frameworks */,
			);
			buildRules = (
			);
			dependencies = (
			);
			name = SolanaSwift_Tests;
			productName = Tests;
			productReference = 607FACE51AFB9204008FA782 /* SolanaSwift_Tests.xctest */;
			productType = "com.apple.product-type.bundle.unit-test";
		};
/* End PBXNativeTarget section */

/* Begin PBXProject section */
		607FACC81AFB9204008FA782 /* Project object */ = {
			isa = PBXProject;
			attributes = {
				LastSwiftUpdateCheck = 0830;
				LastUpgradeCheck = 0830;
				ORGANIZATIONNAME = CocoaPods;
				TargetAttributes = {
					607FACE41AFB9204008FA782 = {
						CreatedOnToolsVersion = 6.3.1;
						LastSwiftMigration = 1210;
					};
				};
			};
			buildConfigurationList = 607FACCB1AFB9204008FA782 /* Build configuration list for PBXProject "SolanaSwift" */;
			compatibilityVersion = "Xcode 3.2";
			developmentRegion = English;
			hasScannedForEncodings = 0;
			knownRegions = (
				English,
				en,
				Base,
			);
			mainGroup = 607FACC71AFB9204008FA782;
			productRefGroup = 607FACD11AFB9204008FA782 /* Products */;
			projectDirPath = "";
			projectReferences = (
				{
					ProductGroup = BC23AE52254925F00029FF0B /* Products */;
					ProjectRef = BC23AE51254925F00029FF0B /* _Pods.xcodeproj */;
				},
			);
			projectRoot = "";
			targets = (
				607FACE41AFB9204008FA782 /* SolanaSwift_Tests */,
			);
		};
/* End PBXProject section */

/* Begin PBXReferenceProxy section */
		BC23AE5F254925F10029FF0B /* Alamofire.framework */ = {
			isa = PBXReferenceProxy;
			fileType = wrapper.framework;
			path = Alamofire.framework;
			remoteRef = BC23AE5E254925F10029FF0B /* PBXContainerItemProxy */;
			sourceTree = BUILT_PRODUCTS_DIR;
		};
		BC23AE61254925F10029FF0B /* Base58Swift.framework */ = {
			isa = PBXReferenceProxy;
			fileType = wrapper.framework;
			path = Base58Swift.framework;
			remoteRef = BC23AE60254925F10029FF0B /* PBXContainerItemProxy */;
			sourceTree = BUILT_PRODUCTS_DIR;
		};
		BC23AE63254925F10029FF0B /* BigInt.framework */ = {
			isa = PBXReferenceProxy;
			fileType = wrapper.framework;
			path = BigInt.framework;
			remoteRef = BC23AE62254925F10029FF0B /* PBXContainerItemProxy */;
			sourceTree = BUILT_PRODUCTS_DIR;
		};
		BC23AE65254925F10029FF0B /* CryptoSwift.framework */ = {
			isa = PBXReferenceProxy;
			fileType = wrapper.framework;
			path = CryptoSwift.framework;
			remoteRef = BC23AE64254925F10029FF0B /* PBXContainerItemProxy */;
			sourceTree = BUILT_PRODUCTS_DIR;
		};
		BC23AE67254925F10029FF0B /* Pods_SolanaSwift_Tests.framework */ = {
			isa = PBXReferenceProxy;
			fileType = wrapper.framework;
			path = Pods_SolanaSwift_Tests.framework;
			remoteRef = BC23AE66254925F10029FF0B /* PBXContainerItemProxy */;
			sourceTree = BUILT_PRODUCTS_DIR;
		};
		BC23AE69254925F10029FF0B /* RxAlamofire.framework */ = {
			isa = PBXReferenceProxy;
			fileType = wrapper.framework;
			path = RxAlamofire.framework;
			remoteRef = BC23AE68254925F10029FF0B /* PBXContainerItemProxy */;
			sourceTree = BUILT_PRODUCTS_DIR;
		};
		BC23AE6B254925F10029FF0B /* RxBlocking.framework */ = {
			isa = PBXReferenceProxy;
			fileType = wrapper.framework;
			path = RxBlocking.framework;
			remoteRef = BC23AE6A254925F10029FF0B /* PBXContainerItemProxy */;
			sourceTree = BUILT_PRODUCTS_DIR;
		};
		BC23AE6D254925F10029FF0B /* RxSwift.framework */ = {
			isa = PBXReferenceProxy;
			fileType = wrapper.framework;
			path = RxSwift.framework;
			remoteRef = BC23AE6C254925F10029FF0B /* PBXContainerItemProxy */;
			sourceTree = BUILT_PRODUCTS_DIR;
		};
		BC23AE6F254925F10029FF0B /* SolanaSwift.framework */ = {
			isa = PBXReferenceProxy;
			fileType = wrapper.framework;
			path = SolanaSwift.framework;
			remoteRef = BC23AE6E254925F10029FF0B /* PBXContainerItemProxy */;
			sourceTree = BUILT_PRODUCTS_DIR;
		};
		BC23AE71254925F10029FF0B /* TweetNacl.framework */ = {
			isa = PBXReferenceProxy;
			fileType = wrapper.framework;
			path = TweetNacl.framework;
			remoteRef = BC23AE70254925F10029FF0B /* PBXContainerItemProxy */;
			sourceTree = BUILT_PRODUCTS_DIR;
		};
/* End PBXReferenceProxy section */

/* Begin PBXResourcesBuildPhase section */
		607FACE31AFB9204008FA782 /* Resources */ = {
			isa = PBXResourcesBuildPhase;
			buildActionMask = 2147483647;
			files = (
			);
			runOnlyForDeploymentPostprocessing = 0;
		};
/* End PBXResourcesBuildPhase section */

/* Begin PBXShellScriptBuildPhase section */
		28C6047587E8E5FB0207100A /* [CP] Check Pods Manifest.lock */ = {
			isa = PBXShellScriptBuildPhase;
			buildActionMask = 2147483647;
			files = (
			);
			inputFileListPaths = (
			);
			inputPaths = (
				"${PODS_PODFILE_DIR_PATH}/Podfile.lock",
				"${PODS_ROOT}/Manifest.lock",
			);
			name = "[CP] Check Pods Manifest.lock";
			outputFileListPaths = (
			);
			outputPaths = (
				"$(DERIVED_FILE_DIR)/Pods-SolanaSwift_Tests-checkManifestLockResult.txt",
			);
			runOnlyForDeploymentPostprocessing = 0;
			shellPath = /bin/sh;
			shellScript = "diff \"${PODS_PODFILE_DIR_PATH}/Podfile.lock\" \"${PODS_ROOT}/Manifest.lock\" > /dev/null\nif [ $? != 0 ] ; then\n    # print error to STDERR\n    echo \"error: The sandbox is not in sync with the Podfile.lock. Run 'pod install' or update your CocoaPods installation.\" >&2\n    exit 1\nfi\n# This output is used by Xcode 'outputs' to avoid re-running this script phase.\necho \"SUCCESS\" > \"${SCRIPT_OUTPUT_FILE_0}\"\n";
			showEnvVarsInLog = 0;
		};
		9265B9C7B94F8ABEF280B1B6 /* [CP] Embed Pods Frameworks */ = {
			isa = PBXShellScriptBuildPhase;
			buildActionMask = 2147483647;
			files = (
			);
			inputPaths = (
				"${PODS_ROOT}/Target Support Files/Pods-SolanaSwift_Tests/Pods-SolanaSwift_Tests-frameworks.sh",
				"${BUILT_PRODUCTS_DIR}/Alamofire/Alamofire.framework",
				"${BUILT_PRODUCTS_DIR}/Base58Swift/Base58Swift.framework",
				"${BUILT_PRODUCTS_DIR}/BigInt/BigInt.framework",
				"${BUILT_PRODUCTS_DIR}/CryptoSwift/CryptoSwift.framework",
				"${BUILT_PRODUCTS_DIR}/RxAlamofire/RxAlamofire.framework",
				"${BUILT_PRODUCTS_DIR}/RxBlocking/RxBlocking.framework",
				"${BUILT_PRODUCTS_DIR}/RxSwift/RxSwift.framework",
				"${BUILT_PRODUCTS_DIR}/SolanaSwift/SolanaSwift.framework",
				"${BUILT_PRODUCTS_DIR}/TweetNacl/TweetNacl.framework",
			);
			name = "[CP] Embed Pods Frameworks";
			outputPaths = (
				"${TARGET_BUILD_DIR}/${FRAMEWORKS_FOLDER_PATH}/Alamofire.framework",
				"${TARGET_BUILD_DIR}/${FRAMEWORKS_FOLDER_PATH}/Base58Swift.framework",
				"${TARGET_BUILD_DIR}/${FRAMEWORKS_FOLDER_PATH}/BigInt.framework",
				"${TARGET_BUILD_DIR}/${FRAMEWORKS_FOLDER_PATH}/CryptoSwift.framework",
				"${TARGET_BUILD_DIR}/${FRAMEWORKS_FOLDER_PATH}/RxAlamofire.framework",
				"${TARGET_BUILD_DIR}/${FRAMEWORKS_FOLDER_PATH}/RxBlocking.framework",
				"${TARGET_BUILD_DIR}/${FRAMEWORKS_FOLDER_PATH}/RxSwift.framework",
				"${TARGET_BUILD_DIR}/${FRAMEWORKS_FOLDER_PATH}/SolanaSwift.framework",
				"${TARGET_BUILD_DIR}/${FRAMEWORKS_FOLDER_PATH}/TweetNacl.framework",
			);
			runOnlyForDeploymentPostprocessing = 0;
			shellPath = /bin/sh;
			shellScript = "\"${PODS_ROOT}/Target Support Files/Pods-SolanaSwift_Tests/Pods-SolanaSwift_Tests-frameworks.sh\"\n";
			showEnvVarsInLog = 0;
		};
/* End PBXShellScriptBuildPhase section */

/* Begin PBXSourcesBuildPhase section */
		607FACE11AFB9204008FA782 /* Sources */ = {
			isa = PBXSourcesBuildPhase;
			buildActionMask = 2147483647;
			files = (
				BC23AEC4254928870029FF0B /* InMemoryAccountStorage.swift in Sources */,
				BC23AEC2254928870029FF0B /* SendTransactionTests.swift in Sources */,
				BC23AEC5254928870029FF0B /* RestAPITests.swift in Sources */,
				BC23AEC3254928870029FF0B /* RestAPIAccountTests.swift in Sources */,
				BC2EC2DF25552EC1006EEDA5 /* AccountTests.swift in Sources */,
			);
			runOnlyForDeploymentPostprocessing = 0;
		};
/* End PBXSourcesBuildPhase section */

/* Begin XCBuildConfiguration section */
		607FACED1AFB9204008FA782 /* Debug */ = {
			isa = XCBuildConfiguration;
			buildSettings = {
				ALWAYS_SEARCH_USER_PATHS = NO;
				CLANG_CXX_LANGUAGE_STANDARD = "gnu++0x";
				CLANG_CXX_LIBRARY = "libc++";
				CLANG_ENABLE_MODULES = YES;
				CLANG_ENABLE_OBJC_ARC = YES;
				CLANG_WARN_BLOCK_CAPTURE_AUTORELEASING = YES;
				CLANG_WARN_BOOL_CONVERSION = YES;
				CLANG_WARN_COMMA = YES;
				CLANG_WARN_CONSTANT_CONVERSION = YES;
				CLANG_WARN_DIRECT_OBJC_ISA_USAGE = YES_ERROR;
				CLANG_WARN_EMPTY_BODY = YES;
				CLANG_WARN_ENUM_CONVERSION = YES;
				CLANG_WARN_INFINITE_RECURSION = YES;
				CLANG_WARN_INT_CONVERSION = YES;
				CLANG_WARN_NON_LITERAL_NULL_CONVERSION = YES;
				CLANG_WARN_OBJC_LITERAL_CONVERSION = YES;
				CLANG_WARN_OBJC_ROOT_CLASS = YES_ERROR;
				CLANG_WARN_RANGE_LOOP_ANALYSIS = YES;
				CLANG_WARN_STRICT_PROTOTYPES = YES;
				CLANG_WARN_SUSPICIOUS_MOVE = YES;
				CLANG_WARN_UNREACHABLE_CODE = YES;
				CLANG_WARN__DUPLICATE_METHOD_MATCH = YES;
				"CODE_SIGN_IDENTITY[sdk=iphoneos*]" = "iPhone Developer";
				COPY_PHASE_STRIP = NO;
				DEBUG_INFORMATION_FORMAT = "dwarf-with-dsym";
				ENABLE_STRICT_OBJC_MSGSEND = YES;
				ENABLE_TESTABILITY = YES;
				GCC_C_LANGUAGE_STANDARD = gnu99;
				GCC_DYNAMIC_NO_PIC = NO;
				GCC_NO_COMMON_BLOCKS = YES;
				GCC_OPTIMIZATION_LEVEL = 0;
				GCC_PREPROCESSOR_DEFINITIONS = (
					"DEBUG=1",
					"$(inherited)",
				);
				GCC_SYMBOLS_PRIVATE_EXTERN = NO;
				GCC_WARN_64_TO_32_BIT_CONVERSION = YES;
				GCC_WARN_ABOUT_RETURN_TYPE = YES_ERROR;
				GCC_WARN_UNDECLARED_SELECTOR = YES;
				GCC_WARN_UNINITIALIZED_AUTOS = YES_AGGRESSIVE;
				GCC_WARN_UNUSED_FUNCTION = YES;
				GCC_WARN_UNUSED_VARIABLE = YES;
				IPHONEOS_DEPLOYMENT_TARGET = 11.0;
				MTL_ENABLE_DEBUG_INFO = YES;
				ONLY_ACTIVE_ARCH = YES;
				SDKROOT = iphoneos;
				SWIFT_OPTIMIZATION_LEVEL = "-Onone";
			};
			name = Debug;
		};
		607FACEE1AFB9204008FA782 /* Release */ = {
			isa = XCBuildConfiguration;
			buildSettings = {
				ALWAYS_SEARCH_USER_PATHS = NO;
				CLANG_CXX_LANGUAGE_STANDARD = "gnu++0x";
				CLANG_CXX_LIBRARY = "libc++";
				CLANG_ENABLE_MODULES = YES;
				CLANG_ENABLE_OBJC_ARC = YES;
				CLANG_WARN_BLOCK_CAPTURE_AUTORELEASING = YES;
				CLANG_WARN_BOOL_CONVERSION = YES;
				CLANG_WARN_COMMA = YES;
				CLANG_WARN_CONSTANT_CONVERSION = YES;
				CLANG_WARN_DIRECT_OBJC_ISA_USAGE = YES_ERROR;
				CLANG_WARN_EMPTY_BODY = YES;
				CLANG_WARN_ENUM_CONVERSION = YES;
				CLANG_WARN_INFINITE_RECURSION = YES;
				CLANG_WARN_INT_CONVERSION = YES;
				CLANG_WARN_NON_LITERAL_NULL_CONVERSION = YES;
				CLANG_WARN_OBJC_LITERAL_CONVERSION = YES;
				CLANG_WARN_OBJC_ROOT_CLASS = YES_ERROR;
				CLANG_WARN_RANGE_LOOP_ANALYSIS = YES;
				CLANG_WARN_STRICT_PROTOTYPES = YES;
				CLANG_WARN_SUSPICIOUS_MOVE = YES;
				CLANG_WARN_UNREACHABLE_CODE = YES;
				CLANG_WARN__DUPLICATE_METHOD_MATCH = YES;
				"CODE_SIGN_IDENTITY[sdk=iphoneos*]" = "iPhone Developer";
				COPY_PHASE_STRIP = NO;
				DEBUG_INFORMATION_FORMAT = "dwarf-with-dsym";
				ENABLE_NS_ASSERTIONS = NO;
				ENABLE_STRICT_OBJC_MSGSEND = YES;
				GCC_C_LANGUAGE_STANDARD = gnu99;
				GCC_NO_COMMON_BLOCKS = YES;
				GCC_WARN_64_TO_32_BIT_CONVERSION = YES;
				GCC_WARN_ABOUT_RETURN_TYPE = YES_ERROR;
				GCC_WARN_UNDECLARED_SELECTOR = YES;
				GCC_WARN_UNINITIALIZED_AUTOS = YES_AGGRESSIVE;
				GCC_WARN_UNUSED_FUNCTION = YES;
				GCC_WARN_UNUSED_VARIABLE = YES;
				IPHONEOS_DEPLOYMENT_TARGET = 11.0;
				MTL_ENABLE_DEBUG_INFO = NO;
				SDKROOT = iphoneos;
				SWIFT_OPTIMIZATION_LEVEL = "-Owholemodule";
				VALIDATE_PRODUCT = YES;
			};
			name = Release;
		};
		607FACF31AFB9204008FA782 /* Debug */ = {
			isa = XCBuildConfiguration;
			baseConfigurationReference = 4EF1D0496DCFE4433D5FDA26 /* Pods-SolanaSwift_Tests.debug.xcconfig */;
			buildSettings = {
				CLANG_ENABLE_MODULES = YES;
				FRAMEWORK_SEARCH_PATHS = (
					"$(PLATFORM_DIR)/Developer/Library/Frameworks",
					"$(inherited)",
				);
				GCC_PREPROCESSOR_DEFINITIONS = (
					"DEBUG=1",
					"$(inherited)",
				);
				INFOPLIST_FILE = Tests/Info.plist;
				LD_RUNPATH_SEARCH_PATHS = "$(inherited) @executable_path/Frameworks @loader_path/Frameworks";
				PRODUCT_BUNDLE_IDENTIFIER = "org.cocoapods.$(PRODUCT_NAME:rfc1034identifier)";
				PRODUCT_NAME = "$(TARGET_NAME)";
				SWIFT_OPTIMIZATION_LEVEL = "-Onone";
				SWIFT_SWIFT3_OBJC_INFERENCE = Default;
				SWIFT_VERSION = 4.0;
			};
			name = Debug;
		};
		607FACF41AFB9204008FA782 /* Release */ = {
			isa = XCBuildConfiguration;
			baseConfigurationReference = 656EB490BFE125DA165A4E9A /* Pods-SolanaSwift_Tests.release.xcconfig */;
			buildSettings = {
				CLANG_ENABLE_MODULES = YES;
				FRAMEWORK_SEARCH_PATHS = (
					"$(PLATFORM_DIR)/Developer/Library/Frameworks",
					"$(inherited)",
				);
				INFOPLIST_FILE = Tests/Info.plist;
				LD_RUNPATH_SEARCH_PATHS = "$(inherited) @executable_path/Frameworks @loader_path/Frameworks";
				PRODUCT_BUNDLE_IDENTIFIER = "org.cocoapods.$(PRODUCT_NAME:rfc1034identifier)";
				PRODUCT_NAME = "$(TARGET_NAME)";
				SWIFT_SWIFT3_OBJC_INFERENCE = Default;
				SWIFT_VERSION = 4.0;
			};
			name = Release;
		};
/* End XCBuildConfiguration section */

/* Begin XCConfigurationList section */
		607FACCB1AFB9204008FA782 /* Build configuration list for PBXProject "SolanaSwift" */ = {
			isa = XCConfigurationList;
			buildConfigurations = (
				607FACED1AFB9204008FA782 /* Debug */,
				607FACEE1AFB9204008FA782 /* Release */,
			);
			defaultConfigurationIsVisible = 0;
			defaultConfigurationName = Release;
		};
		607FACF21AFB9204008FA782 /* Build configuration list for PBXNativeTarget "SolanaSwift_Tests" */ = {
			isa = XCConfigurationList;
			buildConfigurations = (
				607FACF31AFB9204008FA782 /* Debug */,
				607FACF41AFB9204008FA782 /* Release */,
			);
			defaultConfigurationIsVisible = 0;
			defaultConfigurationName = Release;
		};
/* End XCConfigurationList section */
	};
	rootObject = 607FACC81AFB9204008FA782 /* Project object */;
}
